// !$*UTF8*$!
{
	archiveVersion = 1;
	classes = {
	};
	objectVersion = 46;
	objects = {

/* Begin PBXBuildFile section */
		587962CC1953A5660097EE93 /* Foundation.framework in Frameworks */ = {isa = PBXBuildFile; fileRef = 587962CB1953A5660097EE93 /* Foundation.framework */; };
		587962CE1953A5660097EE93 /* CoreGraphics.framework in Frameworks */ = {isa = PBXBuildFile; fileRef = 587962CD1953A5660097EE93 /* CoreGraphics.framework */; };
		587962D01953A5660097EE93 /* UIKit.framework in Frameworks */ = {isa = PBXBuildFile; fileRef = 587962CF1953A5660097EE93 /* UIKit.framework */; };
		587962D61953A5660097EE93 /* InfoPlist.strings in Resources */ = {isa = PBXBuildFile; fileRef = 587962D41953A5660097EE93 /* InfoPlist.strings */; };
		587962D81953A5660097EE93 /* main.m in Sources */ = {isa = PBXBuildFile; fileRef = 587962D71953A5660097EE93 /* main.m */; };
		587962DC1953A5660097EE93 /* AppDelegate.m in Sources */ = {isa = PBXBuildFile; fileRef = 587962DB1953A5660097EE93 /* AppDelegate.m */; };
		587962DF1953A5660097EE93 /* Main.storyboard in Resources */ = {isa = PBXBuildFile; fileRef = 587962DD1953A5660097EE93 /* Main.storyboard */; };
		587962E21953A5660097EE93 /* ViewController.m in Sources */ = {isa = PBXBuildFile; fileRef = 587962E11953A5660097EE93 /* ViewController.m */; };
		587962E41953A5660097EE93 /* Images.xcassets in Resources */ = {isa = PBXBuildFile; fileRef = 587962E31953A5660097EE93 /* Images.xcassets */; };
		587962EB1953A5660097EE93 /* XCTest.framework in Frameworks */ = {isa = PBXBuildFile; fileRef = 587962EA1953A5660097EE93 /* XCTest.framework */; };
		587962EC1953A5660097EE93 /* Foundation.framework in Frameworks */ = {isa = PBXBuildFile; fileRef = 587962CB1953A5660097EE93 /* Foundation.framework */; };
		587962ED1953A5660097EE93 /* UIKit.framework in Frameworks */ = {isa = PBXBuildFile; fileRef = 587962CF1953A5660097EE93 /* UIKit.framework */; };
		587963071953A5C70097EE93 /* CFLCardStackView.m in Sources */ = {isa = PBXBuildFile; fileRef = 587963031953A5C70097EE93 /* CFLCardStackView.m */; };
		587963081953A5C70097EE93 /* CFLCardPanGesture.m in Sources */ = {isa = PBXBuildFile; fileRef = 587963061953A5C70097EE93 /* CFLCardPanGesture.m */; };
		58F1A1171953A9E700F5F739 /* CardViewController.m in Sources */ = {isa = PBXBuildFile; fileRef = 58F1A1151953A9E700F5F739 /* CardViewController.m */; };
		58F1A1181953A9E700F5F739 /* CardViewController.xib in Resources */ = {isa = PBXBuildFile; fileRef = 58F1A1161953A9E700F5F739 /* CardViewController.xib */; };
/* End PBXBuildFile section */

/* Begin PBXContainerItemProxy section */
		587962EE1953A5660097EE93 /* PBXContainerItemProxy */ = {
			isa = PBXContainerItemProxy;
			containerPortal = 587962C01953A5660097EE93 /* Project object */;
			proxyType = 1;
			remoteGlobalIDString = 587962C71953A5660097EE93;
			remoteInfo = "CardStackView Example";
		};
/* End PBXContainerItemProxy section */

/* Begin PBXFileReference section */
		587962C81953A5660097EE93 /* CardStackView Example.app */ = {isa = PBXFileReference; explicitFileType = wrapper.application; includeInIndex = 0; path = "CardStackView Example.app"; sourceTree = BUILT_PRODUCTS_DIR; };
		587962CB1953A5660097EE93 /* Foundation.framework */ = {isa = PBXFileReference; lastKnownFileType = wrapper.framework; name = Foundation.framework; path = System/Library/Frameworks/Foundation.framework; sourceTree = SDKROOT; };
		587962CD1953A5660097EE93 /* CoreGraphics.framework */ = {isa = PBXFileReference; lastKnownFileType = wrapper.framework; name = CoreGraphics.framework; path = System/Library/Frameworks/CoreGraphics.framework; sourceTree = SDKROOT; };
		587962CF1953A5660097EE93 /* UIKit.framework */ = {isa = PBXFileReference; lastKnownFileType = wrapper.framework; name = UIKit.framework; path = System/Library/Frameworks/UIKit.framework; sourceTree = SDKROOT; };
		587962D31953A5660097EE93 /* CardStackView Example-Info.plist */ = {isa = PBXFileReference; lastKnownFileType = text.plist.xml; path = "CardStackView Example-Info.plist"; sourceTree = "<group>"; };
		587962D51953A5660097EE93 /* en */ = {isa = PBXFileReference; lastKnownFileType = text.plist.strings; name = en; path = en.lproj/InfoPlist.strings; sourceTree = "<group>"; };
		587962D71953A5660097EE93 /* main.m */ = {isa = PBXFileReference; lastKnownFileType = sourcecode.c.objc; path = main.m; sourceTree = "<group>"; };
		587962D91953A5660097EE93 /* CardStackView Example-Prefix.pch */ = {isa = PBXFileReference; lastKnownFileType = sourcecode.c.h; path = "CardStackView Example-Prefix.pch"; sourceTree = "<group>"; };
		587962DA1953A5660097EE93 /* AppDelegate.h */ = {isa = PBXFileReference; lastKnownFileType = sourcecode.c.h; path = AppDelegate.h; sourceTree = "<group>"; };
		587962DB1953A5660097EE93 /* AppDelegate.m */ = {isa = PBXFileReference; lastKnownFileType = sourcecode.c.objc; path = AppDelegate.m; sourceTree = "<group>"; };
		587962DE1953A5660097EE93 /* Base */ = {isa = PBXFileReference; lastKnownFileType = file.storyboard; name = Base; path = Base.lproj/Main.storyboard; sourceTree = "<group>"; };
		587962E01953A5660097EE93 /* ViewController.h */ = {isa = PBXFileReference; lastKnownFileType = sourcecode.c.h; path = ViewController.h; sourceTree = "<group>"; };
		587962E11953A5660097EE93 /* ViewController.m */ = {isa = PBXFileReference; lastKnownFileType = sourcecode.c.objc; path = ViewController.m; sourceTree = "<group>"; };
		587962E31953A5660097EE93 /* Images.xcassets */ = {isa = PBXFileReference; lastKnownFileType = folder.assetcatalog; path = Images.xcassets; sourceTree = "<group>"; };
		587962E91953A5660097EE93 /* CardStackView ExampleTests.xctest */ = {isa = PBXFileReference; explicitFileType = wrapper.cfbundle; includeInIndex = 0; path = "CardStackView ExampleTests.xctest"; sourceTree = BUILT_PRODUCTS_DIR; };
		587962EA1953A5660097EE93 /* XCTest.framework */ = {isa = PBXFileReference; lastKnownFileType = wrapper.framework; name = XCTest.framework; path = Library/Frameworks/XCTest.framework; sourceTree = DEVELOPER_DIR; };
		587963021953A5C70097EE93 /* CFLCardStackView.h */ = {isa = PBXFileReference; fileEncoding = 4; lastKnownFileType = sourcecode.c.h; path = CFLCardStackView.h; sourceTree = "<group>"; };
		587963031953A5C70097EE93 /* CFLCardStackView.m */ = {isa = PBXFileReference; fileEncoding = 4; lastKnownFileType = sourcecode.c.objc; path = CFLCardStackView.m; sourceTree = "<group>"; };
		587963051953A5C70097EE93 /* CFLCardPanGesture.h */ = {isa = PBXFileReference; fileEncoding = 4; lastKnownFileType = sourcecode.c.h; path = CFLCardPanGesture.h; sourceTree = "<group>"; };
		587963061953A5C70097EE93 /* CFLCardPanGesture.m */ = {isa = PBXFileReference; fileEncoding = 4; lastKnownFileType = sourcecode.c.objc; path = CFLCardPanGesture.m; sourceTree = "<group>"; };
		58F1A1141953A9E700F5F739 /* CardViewController.h */ = {isa = PBXFileReference; fileEncoding = 4; lastKnownFileType = sourcecode.c.h; path = CardViewController.h; sourceTree = "<group>"; };
		58F1A1151953A9E700F5F739 /* CardViewController.m */ = {isa = PBXFileReference; fileEncoding = 4; lastKnownFileType = sourcecode.c.objc; path = CardViewController.m; sourceTree = "<group>"; };
		58F1A1161953A9E700F5F739 /* CardViewController.xib */ = {isa = PBXFileReference; fileEncoding = 4; lastKnownFileType = file.xib; path = CardViewController.xib; sourceTree = "<group>"; };
/* End PBXFileReference section */

/* Begin PBXFrameworksBuildPhase section */
		587962C51953A5660097EE93 /* Frameworks */ = {
			isa = PBXFrameworksBuildPhase;
			buildActionMask = 2147483647;
			files = (
				587962CE1953A5660097EE93 /* CoreGraphics.framework in Frameworks */,
				587962D01953A5660097EE93 /* UIKit.framework in Frameworks */,
				587962CC1953A5660097EE93 /* Foundation.framework in Frameworks */,
			);
			runOnlyForDeploymentPostprocessing = 0;
		};
		587962E61953A5660097EE93 /* Frameworks */ = {
			isa = PBXFrameworksBuildPhase;
			buildActionMask = 2147483647;
			files = (
				587962EB1953A5660097EE93 /* XCTest.framework in Frameworks */,
				587962ED1953A5660097EE93 /* UIKit.framework in Frameworks */,
				587962EC1953A5660097EE93 /* Foundation.framework in Frameworks */,
			);
			runOnlyForDeploymentPostprocessing = 0;
		};
/* End PBXFrameworksBuildPhase section */

/* Begin PBXGroup section */
		587962BF1953A5660097EE93 = {
			isa = PBXGroup;
			children = (
				587962D11953A5660097EE93 /* CardStackView Example */,
				587962CA1953A5660097EE93 /* Frameworks */,
				587962C91953A5660097EE93 /* Products */,
			);
			sourceTree = "<group>";
		};
		587962C91953A5660097EE93 /* Products */ = {
			isa = PBXGroup;
			children = (
				587962C81953A5660097EE93 /* CardStackView Example.app */,
				587962E91953A5660097EE93 /* CardStackView ExampleTests.xctest */,
			);
			name = Products;
			sourceTree = "<group>";
		};
		587962CA1953A5660097EE93 /* Frameworks */ = {
			isa = PBXGroup;
			children = (
				587962CB1953A5660097EE93 /* Foundation.framework */,
				587962CD1953A5660097EE93 /* CoreGraphics.framework */,
				587962CF1953A5660097EE93 /* UIKit.framework */,
				587962EA1953A5660097EE93 /* XCTest.framework */,
			);
			name = Frameworks;
			sourceTree = "<group>";
		};
		587962D11953A5660097EE93 /* CardStackView Example */ = {
			isa = PBXGroup;
			children = (
				587963001953A5C70097EE93 /* Component */,
				58F1A1141953A9E700F5F739 /* CardViewController.h */,
				58F1A1151953A9E700F5F739 /* CardViewController.m */,
				58F1A1161953A9E700F5F739 /* CardViewController.xib */,
				587962DA1953A5660097EE93 /* AppDelegate.h */,
				587962DB1953A5660097EE93 /* AppDelegate.m */,
				587962DD1953A5660097EE93 /* Main.storyboard */,
				587962E01953A5660097EE93 /* ViewController.h */,
				587962E11953A5660097EE93 /* ViewController.m */,
				587962E31953A5660097EE93 /* Images.xcassets */,
				587962D21953A5660097EE93 /* Supporting Files */,
			);
			path = "CardStackView Example";
			sourceTree = "<group>";
		};
		587962D21953A5660097EE93 /* Supporting Files */ = {
			isa = PBXGroup;
			children = (
				587962D31953A5660097EE93 /* CardStackView Example-Info.plist */,
				587962D41953A5660097EE93 /* InfoPlist.strings */,
				587962D71953A5660097EE93 /* main.m */,
				587962D91953A5660097EE93 /* CardStackView Example-Prefix.pch */,
			);
			name = "Supporting Files";
			sourceTree = "<group>";
		};
		587963001953A5C70097EE93 /* Component */ = {
			isa = PBXGroup;
			children = (
				587963011953A5C70097EE93 /* CFLCardStackView */,
			);
			name = Component;
			path = ../../../Component;
			sourceTree = "<group>";
		};
		587963011953A5C70097EE93 /* CFLCardStackView */ = {
			isa = PBXGroup;
			children = (
				587963021953A5C70097EE93 /* CFLCardStackView.h */,
				587963031953A5C70097EE93 /* CFLCardStackView.m */,
				587963041953A5C70097EE93 /* Gesture */,
			);
			path = CFLCardStackView;
			sourceTree = "<group>";
		};
		587963041953A5C70097EE93 /* Gesture */ = {
			isa = PBXGroup;
			children = (
				587963051953A5C70097EE93 /* CFLCardPanGesture.h */,
				587963061953A5C70097EE93 /* CFLCardPanGesture.m */,
			);
			path = Gesture;
			sourceTree = "<group>";
		};
/* End PBXGroup section */

/* Begin PBXNativeTarget section */
		587962C71953A5660097EE93 /* CardStackView Example */ = {
			isa = PBXNativeTarget;
			buildConfigurationList = 587962FA1953A5660097EE93 /* Build configuration list for PBXNativeTarget "CardStackView Example" */;
			buildPhases = (
				587962C41953A5660097EE93 /* Sources */,
				587962C51953A5660097EE93 /* Frameworks */,
				587962C61953A5660097EE93 /* Resources */,
			);
			buildRules = (
			);
			dependencies = (
			);
			name = "CardStackView Example";
			productName = "CardStackView Example";
			productReference = 587962C81953A5660097EE93 /* CardStackView Example.app */;
			productType = "com.apple.product-type.application";
		};
		587962E81953A5660097EE93 /* CardStackView ExampleTests */ = {
			isa = PBXNativeTarget;
			buildConfigurationList = 587962FD1953A5660097EE93 /* Build configuration list for PBXNativeTarget "CardStackView ExampleTests" */;
			buildPhases = (
				587962E51953A5660097EE93 /* Sources */,
				587962E61953A5660097EE93 /* Frameworks */,
				587962E71953A5660097EE93 /* Resources */,
			);
			buildRules = (
			);
			dependencies = (
				587962EF1953A5660097EE93 /* PBXTargetDependency */,
			);
			name = "CardStackView ExampleTests";
			productName = "CardStackView ExampleTests";
			productReference = 587962E91953A5660097EE93 /* CardStackView ExampleTests.xctest */;
			productType = "com.apple.product-type.bundle.unit-test";
		};
/* End PBXNativeTarget section */

/* Begin PBXProject section */
		587962C01953A5660097EE93 /* Project object */ = {
			isa = PBXProject;
			attributes = {
				LastUpgradeCheck = 0510;
				ORGANIZATIONNAME = caioflandau;
				TargetAttributes = {
					587962E81953A5660097EE93 = {
						TestTargetID = 587962C71953A5660097EE93;
					};
				};
			};
			buildConfigurationList = 587962C31953A5660097EE93 /* Build configuration list for PBXProject "CardStackView Example" */;
			compatibilityVersion = "Xcode 3.2";
			developmentRegion = English;
			hasScannedForEncodings = 0;
			knownRegions = (
				en,
				Base,
			);
			mainGroup = 587962BF1953A5660097EE93;
			productRefGroup = 587962C91953A5660097EE93 /* Products */;
			projectDirPath = "";
			projectRoot = "";
			targets = (
				587962C71953A5660097EE93 /* CardStackView Example */,
				587962E81953A5660097EE93 /* CardStackView ExampleTests */,
			);
		};
/* End PBXProject section */

/* Begin PBXResourcesBuildPhase section */
		587962C61953A5660097EE93 /* Resources */ = {
			isa = PBXResourcesBuildPhase;
			buildActionMask = 2147483647;
			files = (
				58F1A1181953A9E700F5F739 /* CardViewController.xib in Resources */,
				587962E41953A5660097EE93 /* Images.xcassets in Resources */,
				587962D61953A5660097EE93 /* InfoPlist.strings in Resources */,
				587962DF1953A5660097EE93 /* Main.storyboard in Resources */,
			);
			runOnlyForDeploymentPostprocessing = 0;
		};
		587962E71953A5660097EE93 /* Resources */ = {
			isa = PBXResourcesBuildPhase;
			buildActionMask = 2147483647;
			files = (
			);
			runOnlyForDeploymentPostprocessing = 0;
		};
/* End PBXResourcesBuildPhase section */

/* Begin PBXSourcesBuildPhase section */
		587962C41953A5660097EE93 /* Sources */ = {
			isa = PBXSourcesBuildPhase;
			buildActionMask = 2147483647;
			files = (
				587962E21953A5660097EE93 /* ViewController.m in Sources */,
				587963081953A5C70097EE93 /* CFLCardPanGesture.m in Sources */,
				58F1A1171953A9E700F5F739 /* CardViewController.m in Sources */,
				587963071953A5C70097EE93 /* CFLCardStackView.m in Sources */,
				587962DC1953A5660097EE93 /* AppDelegate.m in Sources */,
				587962D81953A5660097EE93 /* main.m in Sources */,
			);
			runOnlyForDeploymentPostprocessing = 0;
		};
		587962E51953A5660097EE93 /* Sources */ = {
			isa = PBXSourcesBuildPhase;
			buildActionMask = 2147483647;
			files = (
			);
			runOnlyForDeploymentPostprocessing = 0;
		};
/* End PBXSourcesBuildPhase section */

/* Begin PBXTargetDependency section */
		587962EF1953A5660097EE93 /* PBXTargetDependency */ = {
			isa = PBXTargetDependency;
			target = 587962C71953A5660097EE93 /* CardStackView Example */;
			targetProxy = 587962EE1953A5660097EE93 /* PBXContainerItemProxy */;
		};
/* End PBXTargetDependency section */

/* Begin PBXVariantGroup section */
		587962D41953A5660097EE93 /* InfoPlist.strings */ = {
			isa = PBXVariantGroup;
			children = (
				587962D51953A5660097EE93 /* en */,
			);
			name = InfoPlist.strings;
			sourceTree = "<group>";
		};
		587962DD1953A5660097EE93 /* Main.storyboard */ = {
			isa = PBXVariantGroup;
			children = (
				587962DE1953A5660097EE93 /* Base */,
			);
			name = Main.storyboard;
			sourceTree = "<group>";
		};
/* End PBXVariantGroup section */

/* Begin XCBuildConfiguration section */
		587962F81953A5660097EE93 /* Debug */ = {
			isa = XCBuildConfiguration;
			buildSettings = {
				ALWAYS_SEARCH_USER_PATHS = NO;
				CLANG_CXX_LANGUAGE_STANDARD = "gnu++0x";
				CLANG_CXX_LIBRARY = "libc++";
				CLANG_ENABLE_MODULES = YES;
				CLANG_ENABLE_OBJC_ARC = YES;
				CLANG_WARN_BOOL_CONVERSION = YES;
				CLANG_WARN_CONSTANT_CONVERSION = YES;
				CLANG_WARN_DIRECT_OBJC_ISA_USAGE = YES_ERROR;
				CLANG_WARN_EMPTY_BODY = YES;
				CLANG_WARN_ENUM_CONVERSION = YES;
				CLANG_WARN_INT_CONVERSION = YES;
				CLANG_WARN_OBJC_ROOT_CLASS = YES_ERROR;
				CLANG_WARN__DUPLICATE_METHOD_MATCH = YES;
				"CODE_SIGN_IDENTITY[sdk=iphoneos*]" = "iPhone Developer";
				COPY_PHASE_STRIP = NO;
				GCC_C_LANGUAGE_STANDARD = gnu99;
				GCC_DYNAMIC_NO_PIC = NO;
				GCC_OPTIMIZATION_LEVEL = 0;
				GCC_PREPROCESSOR_DEFINITIONS = (
					"DEBUG=1",
					"$(inherited)",
				);
				GCC_SYMBOLS_PRIVATE_EXTERN = NO;
				GCC_WARN_64_TO_32_BIT_CONVERSION = YES;
				GCC_WARN_ABOUT_RETURN_TYPE = YES_ERROR;
				GCC_WARN_UNDECLARED_SELECTOR = YES;
				GCC_WARN_UNINITIALIZED_AUTOS = YES_AGGRESSIVE;
				GCC_WARN_UNUSED_FUNCTION = YES;
				GCC_WARN_UNUSED_VARIABLE = YES;
				IPHONEOS_DEPLOYMENT_TARGET = 7.1;
				ONLY_ACTIVE_ARCH = YES;
				SDKROOT = iphoneos;
			};
			name = Debug;
		};
		587962F91953A5660097EE93 /* Release */ = {
			isa = XCBuildConfiguration;
			buildSettings = {
				ALWAYS_SEARCH_USER_PATHS = NO;
				CLANG_CXX_LANGUAGE_STANDARD = "gnu++0x";
				CLANG_CXX_LIBRARY = "libc++";
				CLANG_ENABLE_MODULES = YES;
				CLANG_ENABLE_OBJC_ARC = YES;
				CLANG_WARN_BOOL_CONVERSION = YES;
				CLANG_WARN_CONSTANT_CONVERSION = YES;
				CLANG_WARN_DIRECT_OBJC_ISA_USAGE = YES_ERROR;
				CLANG_WARN_EMPTY_BODY = YES;
				CLANG_WARN_ENUM_CONVERSION = YES;
				CLANG_WARN_INT_CONVERSION = YES;
				CLANG_WARN_OBJC_ROOT_CLASS = YES_ERROR;
				CLANG_WARN__DUPLICATE_METHOD_MATCH = YES;
				"CODE_SIGN_IDENTITY[sdk=iphoneos*]" = "iPhone Developer";
				COPY_PHASE_STRIP = YES;
				ENABLE_NS_ASSERTIONS = NO;
				GCC_C_LANGUAGE_STANDARD = gnu99;
				GCC_WARN_64_TO_32_BIT_CONVERSION = YES;
				GCC_WARN_ABOUT_RETURN_TYPE = YES_ERROR;
				GCC_WARN_UNDECLARED_SELECTOR = YES;
				GCC_WARN_UNINITIALIZED_AUTOS = YES_AGGRESSIVE;
				GCC_WARN_UNUSED_FUNCTION = YES;
				GCC_WARN_UNUSED_VARIABLE = YES;
				IPHONEOS_DEPLOYMENT_TARGET = 7.1;
				SDKROOT = iphoneos;
				VALIDATE_PRODUCT = YES;
			};
			name = Release;
		};
		587962FB1953A5660097EE93 /* Debug */ = {
			isa = XCBuildConfiguration;
			buildSettings = {
				ASSETCATALOG_COMPILER_APPICON_NAME = AppIcon;
				ASSETCATALOG_COMPILER_LAUNCHIMAGE_NAME = LaunchImage;
				GCC_PRECOMPILE_PREFIX_HEADER = YES;
				GCC_PREFIX_HEADER = "CardStackView Example/CardStackView Example-Prefix.pch";
				INFOPLIST_FILE = "CardStackView Example/CardStackView Example-Info.plist";
				PRODUCT_NAME = "$(TARGET_NAME)";
				WRAPPER_EXTENSION = app;
			};
			name = Debug;
		};
		587962FC1953A5660097EE93 /* Release */ = {
			isa = XCBuildConfiguration;
			buildSettings = {
				ASSETCATALOG_COMPILER_APPICON_NAME = AppIcon;
				ASSETCATALOG_COMPILER_LAUNCHIMAGE_NAME = LaunchImage;
				GCC_PRECOMPILE_PREFIX_HEADER = YES;
				GCC_PREFIX_HEADER = "CardStackView Example/CardStackView Example-Prefix.pch";
				INFOPLIST_FILE = "CardStackView Example/CardStackView Example-Info.plist";
				PRODUCT_NAME = "$(TARGET_NAME)";
				WRAPPER_EXTENSION = app;
			};
			name = Release;
		};
		587962FE1953A5660097EE93 /* Debug */ = {
			isa = XCBuildConfiguration;
			buildSettings = {
				BUNDLE_LOADER = "$(BUILT_PRODUCTS_DIR)/CardStackView Example.app/CardStackView Example";
				FRAMEWORK_SEARCH_PATHS = (
					"$(SDKROOT)/Developer/Library/Frameworks",
					"$(inherited)",
					"$(DEVELOPER_FRAMEWORKS_DIR)",
				);
				GCC_PRECOMPILE_PREFIX_HEADER = YES;
				GCC_PREFIX_HEADER = "CardStackView Example/CardStackView Example-Prefix.pch";
				GCC_PREPROCESSOR_DEFINITIONS = (
					"DEBUG=1",
					"$(inherited)",
				);
				INFOPLIST_FILE = "CardStackView ExampleTests/CardStackView ExampleTests-Info.plist";
				PRODUCT_NAME = "$(TARGET_NAME)";
				TEST_HOST = "$(BUNDLE_LOADER)";
				WRAPPER_EXTENSION = xctest;
			};
			name = Debug;
		};
		587962FF1953A5660097EE93 /* Release */ = {
			isa = XCBuildConfiguration;
			buildSettings = {
				BUNDLE_LOADER = "$(BUILT_PRODUCTS_DIR)/CardStackView Example.app/CardStackView Example";
				FRAMEWORK_SEARCH_PATHS = (
					"$(SDKROOT)/Developer/Library/Frameworks",
					"$(inherited)",
					"$(DEVELOPER_FRAMEWORKS_DIR)",
				);
				GCC_PRECOMPILE_PREFIX_HEADER = YES;
				GCC_PREFIX_HEADER = "CardStackView Example/CardStackView Example-Prefix.pch";
				INFOPLIST_FILE = "CardStackView ExampleTests/CardStackView ExampleTests-Info.plist";
				PRODUCT_NAME = "$(TARGET_NAME)";
				TEST_HOST = "$(BUNDLE_LOADER)";
				WRAPPER_EXTENSION = xctest;
			};
			name = Release;
		};
/* End XCBuildConfiguration section */

/* Begin XCConfigurationList section */
		587962C31953A5660097EE93 /* Build configuration list for PBXProject "CardStackView Example" */ = {
			isa = XCConfigurationList;
			buildConfigurations = (
				587962F81953A5660097EE93 /* Debug */,
				587962F91953A5660097EE93 /* Release */,
			);
			defaultConfigurationIsVisible = 0;
			defaultConfigurationName = Release;
		};
		587962FA1953A5660097EE93 /* Build configuration list for PBXNativeTarget "CardStackView Example" */ = {
			isa = XCConfigurationList;
			buildConfigurations = (
				587962FB1953A5660097EE93 /* Debug */,
				587962FC1953A5660097EE93 /* Release */,
			);
			defaultConfigurationIsVisible = 0;
			defaultConfigurationName = Release;
		};
		587962FD1953A5660097EE93 /* Build configuration list for PBXNativeTarget "CardStackView ExampleTests" */ = {
			isa = XCConfigurationList;
			buildConfigurations = (
				587962FE1953A5660097EE93 /* Debug */,
				587962FF1953A5660097EE93 /* Release */,
			);
			defaultConfigurationIsVisible = 0;
			defaultConfigurationName = Release;
		};
/* End XCConfigurationList section */
	};
	rootObject = 587962C01953A5660097EE93 /* Project object */;
}
